
Microsoft Visual Studio Solution File, Format Version 12.00
# Visual Studio Version 16
VisualStudioVersion = 16.0.31105.61
MinimumVisualStudioVersion = 10.0.40219.1
Project("{2150E333-8FDC-42A3-9474-1A3956D46DE8}") = "Tests", "Tests", "{F2778641-06A4-4F4E-AF08-E0758F8F190C}"
EndProject
Project("{2150E333-8FDC-42A3-9474-1A3956D46DE8}") = "Application", "Application", "{4705C25F-AD2E-44C9-AE7C-896EC9686D95}"
EndProject
Project("{2150E333-8FDC-42A3-9474-1A3956D46DE8}") = "PlanB.AppCore", "PlanB.AppCore", "{6FD6565E-1D9C-4240-80A7-0F7634BD82AF}"
EndProject
Project("{9A19103F-16F7-4668-BE54-9A1E7A4F7556}") = "PlanB.AppCore", "Application\PlanB.AppCore\PlanB.AppCore\PlanB.AppCore.csproj", "{74907652-B425-4DBC-97AC-4CC11BB1E807}"
EndProject
Project("{9A19103F-16F7-4668-BE54-9A1E7A4F7556}") = "PlanB.App.XUnit.Tests", "Tests\PlanB.App.XUnit.Tests\PlanB.App.XUnit.Tests.csproj", "{55C8A6AA-C62E-4B6B-B8F4-327E43163373}"
EndProject
Project("{2150E333-8FDC-42A3-9474-1A3956D46DE8}") = "Domain", "Domain", "{F1662A51-89EA-494B-AA9D-CE05C0B6C4AF}"
EndProject
Project("{9A19103F-16F7-4668-BE54-9A1E7A4F7556}") = "PlanB.Domain", "Application\Domain\PlanB.Domain\PlanB.Domain.csproj", "{BE3E50B6-5261-4F2E-BB36-DDB8C6271B19}"
EndProject
Project("{2150E333-8FDC-42A3-9474-1A3956D46DE8}") = "Infrastructure", "Infrastructure", "{5EE83CB3-EA90-42DC-A6BB-790FE51620B4}"
EndProject
Project("{FAE04EC0-301F-11D3-BF4B-00C04F79EFBC}") = "PlanB.Infra.Data", "Application\Infrastructure\PlanB.Infra.Data\PlanB.Infra.Data.csproj", "{53ED11DD-2F4E-4398-BAF5-546FD0E0D3B2}"
EndProject
Project("{FAE04EC0-301F-11D3-BF4B-00C04F79EFBC}") = "PlanB.Domain.Data", "Application\Domain\PlanB.Domain.Data\PlanB.Domain.Data.csproj", "{7BAFD9A5-9C9D-4864-9629-4C588C3742F9}"
EndProject
Project("{2150E333-8FDC-42A3-9474-1A3956D46DE8}") = "CrossCutting", "CrossCutting", "{9C3D67D8-247E-4378-83C1-B82466C37F40}"
EndProject
Project("{FAE04EC0-301F-11D3-BF4B-00C04F79EFBC}") = "PlanB.CrossCutting.Bus", "Application\Infrastructure\CrossCutting\PlanB.CrossCutting.Bus\PlanB.CrossCutting.Bus.csproj", "{38F3D1BF-E2B3-4FDB-AF24-4ADE825B6CE0}"
EndProject
Project("{FAE04EC0-301F-11D3-BF4B-00C04F79EFBC}") = "PlanB.CrossCutting.Identity", "Application\Infrastructure\CrossCutting\PlanB.CrossCutting.Identity\PlanB.CrossCutting.Identity.csproj", "{591D436F-B3ED-4F9F-B85C-BB416AFF242E}"
EndProject
Project("{FAE04EC0-301F-11D3-BF4B-00C04F79EFBC}") = "PlanB.CrossCutting.IoC", "Application\Infrastructure\CrossCutting\PlanB.CrossCutting.IoC\PlanB.CrossCutting.IoC.csproj", "{39B6E999-DA1F-4D04-ADDA-7EB0D1F13800}"
EndProject
Global
	GlobalSection(SolutionConfigurationPlatforms) = preSolution
		Debug|Any CPU = Debug|Any CPU
		Release|Any CPU = Release|Any CPU
	EndGlobalSection
	GlobalSection(ProjectConfigurationPlatforms) = postSolution
		{74907652-B425-4DBC-97AC-4CC11BB1E807}.Debug|Any CPU.ActiveCfg = Debug|Any CPU
		{74907652-B425-4DBC-97AC-4CC11BB1E807}.Debug|Any CPU.Build.0 = Debug|Any CPU
		{74907652-B425-4DBC-97AC-4CC11BB1E807}.Release|Any CPU.ActiveCfg = Release|Any CPU
		{74907652-B425-4DBC-97AC-4CC11BB1E807}.Release|Any CPU.Build.0 = Release|Any CPU
		{55C8A6AA-C62E-4B6B-B8F4-327E43163373}.Debug|Any CPU.ActiveCfg = Debug|Any CPU
		{55C8A6AA-C62E-4B6B-B8F4-327E43163373}.Debug|Any CPU.Build.0 = Debug|Any CPU
		{55C8A6AA-C62E-4B6B-B8F4-327E43163373}.Release|Any CPU.ActiveCfg = Release|Any CPU
		{55C8A6AA-C62E-4B6B-B8F4-327E43163373}.Release|Any CPU.Build.0 = Release|Any CPU
		{BE3E50B6-5261-4F2E-BB36-DDB8C6271B19}.Debug|Any CPU.ActiveCfg = Debug|Any CPU
		{BE3E50B6-5261-4F2E-BB36-DDB8C6271B19}.Debug|Any CPU.Build.0 = Debug|Any CPU
		{BE3E50B6-5261-4F2E-BB36-DDB8C6271B19}.Release|Any CPU.ActiveCfg = Release|Any CPU
		{BE3E50B6-5261-4F2E-BB36-DDB8C6271B19}.Release|Any CPU.Build.0 = Release|Any CPU
		{53ED11DD-2F4E-4398-BAF5-546FD0E0D3B2}.Debug|Any CPU.ActiveCfg = Debug|Any CPU
		{53ED11DD-2F4E-4398-BAF5-546FD0E0D3B2}.Debug|Any CPU.Build.0 = Debug|Any CPU
		{53ED11DD-2F4E-4398-BAF5-546FD0E0D3B2}.Release|Any CPU.ActiveCfg = Release|Any CPU
		{53ED11DD-2F4E-4398-BAF5-546FD0E0D3B2}.Release|Any CPU.Build.0 = Release|Any CPU
		{7BAFD9A5-9C9D-4864-9629-4C588C3742F9}.Debug|Any CPU.ActiveCfg = Debug|Any CPU
		{7BAFD9A5-9C9D-4864-9629-4C588C3742F9}.Debug|Any CPU.Build.0 = Debug|Any CPU
		{7BAFD9A5-9C9D-4864-9629-4C588C3742F9}.Release|Any CPU.ActiveCfg = Release|Any CPU
		{7BAFD9A5-9C9D-4864-9629-4C588C3742F9}.Release|Any CPU.Build.0 = Release|Any CPU
		{38F3D1BF-E2B3-4FDB-AF24-4ADE825B6CE0}.Debug|Any CPU.ActiveCfg = Debug|Any CPU
		{38F3D1BF-E2B3-4FDB-AF24-4ADE825B6CE0}.Debug|Any CPU.Build.0 = Debug|Any CPU
		{38F3D1BF-E2B3-4FDB-AF24-4ADE825B6CE0}.Release|Any CPU.ActiveCfg = Release|Any CPU
		{38F3D1BF-E2B3-4FDB-AF24-4ADE825B6CE0}.Release|Any CPU.Build.0 = Release|Any CPU
		{591D436F-B3ED-4F9F-B85C-BB416AFF242E}.Debug|Any CPU.ActiveCfg = Debug|Any CPU
		{591D436F-B3ED-4F9F-B85C-BB416AFF242E}.Debug|Any CPU.Build.0 = Debug|Any CPU
		{591D436F-B3ED-4F9F-B85C-BB416AFF242E}.Release|Any CPU.ActiveCfg = Release|Any CPU
		{591D436F-B3ED-4F9F-B85C-BB416AFF242E}.Release|Any CPU.Build.0 = Release|Any CPU
		{39B6E999-DA1F-4D04-ADDA-7EB0D1F13800}.Debug|Any CPU.ActiveCfg = Debug|Any CPU
		{39B6E999-DA1F-4D04-ADDA-7EB0D1F13800}.Debug|Any CPU.Build.0 = Debug|Any CPU
		{39B6E999-DA1F-4D04-ADDA-7EB0D1F13800}.Release|Any CPU.ActiveCfg = Release|Any CPU
		{39B6E999-DA1F-4D04-ADDA-7EB0D1F13800}.Release|Any CPU.Build.0 = Release|Any CPU
	EndGlobalSection
	GlobalSection(SolutionProperties) = preSolution
		HideSolutionNode = FALSE
	EndGlobalSection
	GlobalSection(NestedProjects) = preSolution
		{6FD6565E-1D9C-4240-80A7-0F7634BD82AF} = {4705C25F-AD2E-44C9-AE7C-896EC9686D95}
		{74907652-B425-4DBC-97AC-4CC11BB1E807} = {6FD6565E-1D9C-4240-80A7-0F7634BD82AF}
		{55C8A6AA-C62E-4B6B-B8F4-327E43163373} = {F2778641-06A4-4F4E-AF08-E0758F8F190C}
		{F1662A51-89EA-494B-AA9D-CE05C0B6C4AF} = {4705C25F-AD2E-44C9-AE7C-896EC9686D95}
		{BE3E50B6-5261-4F2E-BB36-DDB8C6271B19} = {F1662A51-89EA-494B-AA9D-CE05C0B6C4AF}
		{5EE83CB3-EA90-42DC-A6BB-790FE51620B4} = {4705C25F-AD2E-44C9-AE7C-896EC9686D95}
		{53ED11DD-2F4E-4398-BAF5-546FD0E0D3B2} = {5EE83CB3-EA90-42DC-A6BB-790FE51620B4}
		{7BAFD9A5-9C9D-4864-9629-4C588C3742F9} = {F1662A51-89EA-494B-AA9D-CE05C0B6C4AF}
		{9C3D67D8-247E-4378-83C1-B82466C37F40} = {5EE83CB3-EA90-42DC-A6BB-790FE51620B4}
		{38F3D1BF-E2B3-4FDB-AF24-4ADE825B6CE0} = {9C3D67D8-247E-4378-83C1-B82466C37F40}
		{591D436F-B3ED-4F9F-B85C-BB416AFF242E} = {9C3D67D8-247E-4378-83C1-B82466C37F40}
		{39B6E999-DA1F-4D04-ADDA-7EB0D1F13800} = {9C3D67D8-247E-4378-83C1-B82466C37F40}
	EndGlobalSection
	GlobalSection(ExtensibilityGlobals) = postSolution
		SolutionGuid = {81EEB6DF-A033-48FC-8ACA-6FD310417475}
	EndGlobalSection
EndGlobal
