
Microsoft Visual Studio Solution File, Format Version 12.00
# Visual Studio Version 16
VisualStudioVersion = 16.0.31105.61
MinimumVisualStudioVersion = 10.0.40219.1
Project("{2150E333-8FDC-42A3-9474-1A3956D46DE8}") = "Tests", "Tests", "{F2778641-06A4-4F4E-AF08-E0758F8F190C}"
EndProject
Project("{2150E333-8FDC-42A3-9474-1A3956D46DE8}") = "Application", "Application", "{4705C25F-AD2E-44C9-AE7C-896EC9686D95}"
EndProject
Project("{2150E333-8FDC-42A3-9474-1A3956D46DE8}") = "PlanB.AppCore", "PlanB.AppCore", "{6FD6565E-1D9C-4240-80A7-0F7634BD82AF}"
EndProject
Project("{9A19103F-16F7-4668-BE54-9A1E7A4F7556}") = "PlanB.AppCore", "Application\PlanB.AppCore\PlanB.AppCore\PlanB.AppCore.csproj", "{74907652-B425-4DBC-97AC-4CC11BB1E807}"
EndProject
Project("{2150E333-8FDC-42A3-9474-1A3956D46DE8}") = "Infrastructure", "Infrastructure", "{0C4AC367-C217-451D-BEB6-48132E4749CF}"
EndProject
Project("{9A19103F-16F7-4668-BE54-9A1E7A4F7556}") = "PlanB.Infrastructure", "Application\Infrastructure\PlanB.Infrastructure\PlanB.Infrastructure.csproj", "{B39D31C9-1F3D-4A26-BBF4-6D0A2D97253E}"
EndProject
Project("{2150E333-8FDC-42A3-9474-1A3956D46DE8}") = "MicroServices", "MicroServices", "{A7B107FB-35F0-4A54-88FF-81C344AF32E8}"
EndProject
Project("{2150E333-8FDC-42A3-9474-1A3956D46DE8}") = "Cms", "Cms", "{4741A7AF-D084-424C-9FBF-336472EA97FD}"
EndProject
Project("{9A19103F-16F7-4668-BE54-9A1E7A4F7556}") = "PlanB.MicroService.Cms", "Application\MicroServices\Cms\PlanB.MicroService.Cms\PlanB.MicroService.Cms.csproj", "{3E966833-7878-4608-8536-49188156B020}"
EndProject
Project("{2150E333-8FDC-42A3-9474-1A3956D46DE8}") = "Core", "Core", "{B5F20E63-B03E-425E-A409-880FAE430BA6}"
EndProject
Project("{9A19103F-16F7-4668-BE54-9A1E7A4F7556}") = "PlanB.MicroService.Core", "Application\MicroServices\Core\PlanB.MicroService.Core\PlanB.MicroService.Core.csproj", "{FF0AAE9E-2134-4F53-8DD4-9771FBCC2C72}"
EndProject
Project("{2150E333-8FDC-42A3-9474-1A3956D46DE8}") = "Payments", "Payments", "{4798CF87-6480-41C2-9986-B5C138BE95BA}"
EndProject
Project("{9A19103F-16F7-4668-BE54-9A1E7A4F7556}") = "PlanB.MicroService.Payments", "Application\MicroServices\Payments\PlanB.MicroService.Payments\PlanB.MicroService.Payments.csproj", "{3E24EAB4-3CAC-4E21-B88A-41EA36947019}"
EndProject
Project("{2150E333-8FDC-42A3-9474-1A3956D46DE8}") = "Scheduling", "Scheduling", "{14A5BC52-E75E-4147-9452-B027C587EF44}"
EndProject
Project("{9A19103F-16F7-4668-BE54-9A1E7A4F7556}") = "PlanB.MicroService.Scheduling", "Application\MicroServices\Scheduling\PlanB.MicroService.Scheduling\PlanB.MicroService.Scheduling.csproj", "{B2EED699-D906-44B2-B15F-A6F9EC9163DC}"
EndProject
Project("{2150E333-8FDC-42A3-9474-1A3956D46DE8}") = "Student", "Student", "{3B349888-04C5-4F8D-8BB6-AB4D7E44F772}"
EndProject
Project("{9A19103F-16F7-4668-BE54-9A1E7A4F7556}") = "PlanB.MicroService.Student", "Application\MicroServices\Student\PlanB.MicroService.Student\PlanB.MicroService.Student.csproj", "{01DCD647-F806-40F1-8703-DAC8834FADE1}"
EndProject
Project("{2150E333-8FDC-42A3-9474-1A3956D46DE8}") = "Subscription", "Subscription", "{BC9EE014-6968-452B-B8C7-3B220BCA0163}"
EndProject
Project("{9A19103F-16F7-4668-BE54-9A1E7A4F7556}") = "PlanB.MicroService.Subscription", "Application\MicroServices\Subscription\PlanB.MicroService.Subscription\PlanB.MicroService.Subscription.csproj", "{FE4740DB-F220-493B-BBDD-1A7E1050AFCB}"
EndProject
Project("{2150E333-8FDC-42A3-9474-1A3956D46DE8}") = "MicroServices", "MicroServices", "{908A1B88-B186-4F46-8729-FC65C60BE1C7}"
EndProject
Project("{2150E333-8FDC-42A3-9474-1A3956D46DE8}") = "Core", "Core", "{D9492D96-DCB9-4BCD-A8BF-32D5F3682F14}"
EndProject
Project("{9A19103F-16F7-4668-BE54-9A1E7A4F7556}") = "PlanB.Module.Core.Tests", "Tests\MicroServices\Core\PlanB.Module.Core.Tests\PlanB.Module.Core.Tests.csproj", "{EEAE2691-03E7-4BB9-9411-78E60BE8FC0E}"
EndProject
Project("{9A19103F-16F7-4668-BE54-9A1E7A4F7556}") = "PlanB.App.XUnit.Tests", "Tests\PlanB.App.XUnit.Tests\PlanB.App.XUnit.Tests.csproj", "{55C8A6AA-C62E-4B6B-B8F4-327E43163373}"
EndProject
Project("{2150E333-8FDC-42A3-9474-1A3956D46DE8}") = "Infrastructure", "Infrastructure", "{88F6D5F9-2DF1-4012-ABDE-DCCEAA2D62C3}"
EndProject
Project("{FAE04EC0-301F-11D3-BF4B-00C04F79EFBC}") = "PlanB.Infrastructure.Tests", "Tests\Infrastructure\PlanB.Infrastructure.Tests\PlanB.Infrastructure.Tests.csproj", "{4A00443C-D769-4A0D-82D6-25DCE1ABD8CE}"
EndProject
Project("{2150E333-8FDC-42A3-9474-1A3956D46DE8}") = "Cms", "Cms", "{24ED5E7F-4059-420A-B994-F43A54A63D1E}"
EndProject
Project("{FAE04EC0-301F-11D3-BF4B-00C04F79EFBC}") = "PlanB.MicroService.Cms.Tests", "Tests\MicroServices\Cms\PlanB.MicroService.Cms.Tests\PlanB.MicroService.Cms.Tests.csproj", "{AA7D39A5-B8A3-43D5-9D2F-DCB1538E1F91}"
EndProject
Project("{2150E333-8FDC-42A3-9474-1A3956D46DE8}") = "Payments", "Payments", "{10A173FB-C0CE-421E-85C3-470D22FA1AB2}"
EndProject
Project("{FAE04EC0-301F-11D3-BF4B-00C04F79EFBC}") = "PlanB.MicroService.Payments.Tests", "Tests\MicroServices\Payments\PlanB.MicroService.Payments.Tests\PlanB.MicroService.Payments.Tests.csproj", "{75AFBD86-5FBE-4D80-BB1F-A9B2272411A8}"
EndProject
Project("{2150E333-8FDC-42A3-9474-1A3956D46DE8}") = "Scheduling", "Scheduling", "{F5453182-515E-45CB-BB3E-CEE45F02A24D}"
EndProject
Project("{FAE04EC0-301F-11D3-BF4B-00C04F79EFBC}") = "PlanB.MicroService.Scheduling.Tests", "Tests\MicroServices\Scheduling\PlanB.MicroService.Scheduling.Tests\PlanB.MicroService.Scheduling.Tests.csproj", "{377CF9AD-40E9-4252-B8ED-77A508441647}"
EndProject
Project("{2150E333-8FDC-42A3-9474-1A3956D46DE8}") = "Subscription", "Subscription", "{7F600A31-872A-493F-8973-31EFA0BF7CE6}"
EndProject
Project("{FAE04EC0-301F-11D3-BF4B-00C04F79EFBC}") = "PlanB.MicroService.Subscription.Tests", "Tests\MicroServices\Subscription\PlanB.MicroService.Subscription.Tests\PlanB.MicroService.Subscription.Tests.csproj", "{78366FDF-242C-41B5-9B39-1D541BC92DB5}"
EndProject
Project("{2150E333-8FDC-42A3-9474-1A3956D46DE8}") = "Student", "Student", "{79C7C3A2-0479-42F0-8290-A3CEC6A2A508}"
EndProject
Project("{FAE04EC0-301F-11D3-BF4B-00C04F79EFBC}") = "PlanB.MicroService.Student.Tests", "Tests\MicroServices\Student\PlanB.MicroService.Student.Tests\PlanB.MicroService.Student.Tests.csproj", "{EB2B297E-8517-4BEB-B18D-2D3C2B381970}"
EndProject
Global
	GlobalSection(SolutionConfigurationPlatforms) = preSolution
		Debug|Any CPU = Debug|Any CPU
		Release|Any CPU = Release|Any CPU
	EndGlobalSection
	GlobalSection(ProjectConfigurationPlatforms) = postSolution
		{74907652-B425-4DBC-97AC-4CC11BB1E807}.Debug|Any CPU.ActiveCfg = Debug|Any CPU
		{74907652-B425-4DBC-97AC-4CC11BB1E807}.Debug|Any CPU.Build.0 = Debug|Any CPU
		{74907652-B425-4DBC-97AC-4CC11BB1E807}.Release|Any CPU.ActiveCfg = Release|Any CPU
		{74907652-B425-4DBC-97AC-4CC11BB1E807}.Release|Any CPU.Build.0 = Release|Any CPU
		{B39D31C9-1F3D-4A26-BBF4-6D0A2D97253E}.Debug|Any CPU.ActiveCfg = Debug|Any CPU
		{B39D31C9-1F3D-4A26-BBF4-6D0A2D97253E}.Debug|Any CPU.Build.0 = Debug|Any CPU
		{B39D31C9-1F3D-4A26-BBF4-6D0A2D97253E}.Release|Any CPU.ActiveCfg = Release|Any CPU
		{B39D31C9-1F3D-4A26-BBF4-6D0A2D97253E}.Release|Any CPU.Build.0 = Release|Any CPU
		{3E966833-7878-4608-8536-49188156B020}.Debug|Any CPU.ActiveCfg = Debug|Any CPU
		{3E966833-7878-4608-8536-49188156B020}.Debug|Any CPU.Build.0 = Debug|Any CPU
		{3E966833-7878-4608-8536-49188156B020}.Release|Any CPU.ActiveCfg = Release|Any CPU
		{3E966833-7878-4608-8536-49188156B020}.Release|Any CPU.Build.0 = Release|Any CPU
		{FF0AAE9E-2134-4F53-8DD4-9771FBCC2C72}.Debug|Any CPU.ActiveCfg = Debug|Any CPU
		{FF0AAE9E-2134-4F53-8DD4-9771FBCC2C72}.Debug|Any CPU.Build.0 = Debug|Any CPU
		{FF0AAE9E-2134-4F53-8DD4-9771FBCC2C72}.Release|Any CPU.ActiveCfg = Release|Any CPU
		{FF0AAE9E-2134-4F53-8DD4-9771FBCC2C72}.Release|Any CPU.Build.0 = Release|Any CPU
		{3E24EAB4-3CAC-4E21-B88A-41EA36947019}.Debug|Any CPU.ActiveCfg = Debug|Any CPU
		{3E24EAB4-3CAC-4E21-B88A-41EA36947019}.Debug|Any CPU.Build.0 = Debug|Any CPU
		{3E24EAB4-3CAC-4E21-B88A-41EA36947019}.Release|Any CPU.ActiveCfg = Release|Any CPU
		{3E24EAB4-3CAC-4E21-B88A-41EA36947019}.Release|Any CPU.Build.0 = Release|Any CPU
		{B2EED699-D906-44B2-B15F-A6F9EC9163DC}.Debug|Any CPU.ActiveCfg = Debug|Any CPU
		{B2EED699-D906-44B2-B15F-A6F9EC9163DC}.Debug|Any CPU.Build.0 = Debug|Any CPU
		{B2EED699-D906-44B2-B15F-A6F9EC9163DC}.Release|Any CPU.ActiveCfg = Release|Any CPU
		{B2EED699-D906-44B2-B15F-A6F9EC9163DC}.Release|Any CPU.Build.0 = Release|Any CPU
		{01DCD647-F806-40F1-8703-DAC8834FADE1}.Debug|Any CPU.ActiveCfg = Debug|Any CPU
		{01DCD647-F806-40F1-8703-DAC8834FADE1}.Debug|Any CPU.Build.0 = Debug|Any CPU
		{01DCD647-F806-40F1-8703-DAC8834FADE1}.Release|Any CPU.ActiveCfg = Release|Any CPU
		{01DCD647-F806-40F1-8703-DAC8834FADE1}.Release|Any CPU.Build.0 = Release|Any CPU
		{FE4740DB-F220-493B-BBDD-1A7E1050AFCB}.Debug|Any CPU.ActiveCfg = Debug|Any CPU
		{FE4740DB-F220-493B-BBDD-1A7E1050AFCB}.Debug|Any CPU.Build.0 = Debug|Any CPU
		{FE4740DB-F220-493B-BBDD-1A7E1050AFCB}.Release|Any CPU.ActiveCfg = Release|Any CPU
		{FE4740DB-F220-493B-BBDD-1A7E1050AFCB}.Release|Any CPU.Build.0 = Release|Any CPU
		{EEAE2691-03E7-4BB9-9411-78E60BE8FC0E}.Debug|Any CPU.ActiveCfg = Debug|Any CPU
		{EEAE2691-03E7-4BB9-9411-78E60BE8FC0E}.Debug|Any CPU.Build.0 = Debug|Any CPU
		{EEAE2691-03E7-4BB9-9411-78E60BE8FC0E}.Release|Any CPU.ActiveCfg = Release|Any CPU
		{EEAE2691-03E7-4BB9-9411-78E60BE8FC0E}.Release|Any CPU.Build.0 = Release|Any CPU
		{55C8A6AA-C62E-4B6B-B8F4-327E43163373}.Debug|Any CPU.ActiveCfg = Debug|Any CPU
		{55C8A6AA-C62E-4B6B-B8F4-327E43163373}.Debug|Any CPU.Build.0 = Debug|Any CPU
		{55C8A6AA-C62E-4B6B-B8F4-327E43163373}.Release|Any CPU.ActiveCfg = Release|Any CPU
		{55C8A6AA-C62E-4B6B-B8F4-327E43163373}.Release|Any CPU.Build.0 = Release|Any CPU
		{4A00443C-D769-4A0D-82D6-25DCE1ABD8CE}.Debug|Any CPU.ActiveCfg = Debug|Any CPU
		{4A00443C-D769-4A0D-82D6-25DCE1ABD8CE}.Debug|Any CPU.Build.0 = Debug|Any CPU
		{4A00443C-D769-4A0D-82D6-25DCE1ABD8CE}.Release|Any CPU.ActiveCfg = Release|Any CPU
		{4A00443C-D769-4A0D-82D6-25DCE1ABD8CE}.Release|Any CPU.Build.0 = Release|Any CPU
		{AA7D39A5-B8A3-43D5-9D2F-DCB1538E1F91}.Debug|Any CPU.ActiveCfg = Debug|Any CPU
		{AA7D39A5-B8A3-43D5-9D2F-DCB1538E1F91}.Debug|Any CPU.Build.0 = Debug|Any CPU
		{AA7D39A5-B8A3-43D5-9D2F-DCB1538E1F91}.Release|Any CPU.ActiveCfg = Release|Any CPU
		{AA7D39A5-B8A3-43D5-9D2F-DCB1538E1F91}.Release|Any CPU.Build.0 = Release|Any CPU
		{75AFBD86-5FBE-4D80-BB1F-A9B2272411A8}.Debug|Any CPU.ActiveCfg = Debug|Any CPU
		{75AFBD86-5FBE-4D80-BB1F-A9B2272411A8}.Debug|Any CPU.Build.0 = Debug|Any CPU
		{75AFBD86-5FBE-4D80-BB1F-A9B2272411A8}.Release|Any CPU.ActiveCfg = Release|Any CPU
		{75AFBD86-5FBE-4D80-BB1F-A9B2272411A8}.Release|Any CPU.Build.0 = Release|Any CPU
		{377CF9AD-40E9-4252-B8ED-77A508441647}.Debug|Any CPU.ActiveCfg = Debug|Any CPU
		{377CF9AD-40E9-4252-B8ED-77A508441647}.Debug|Any CPU.Build.0 = Debug|Any CPU
		{377CF9AD-40E9-4252-B8ED-77A508441647}.Release|Any CPU.ActiveCfg = Release|Any CPU
		{377CF9AD-40E9-4252-B8ED-77A508441647}.Release|Any CPU.Build.0 = Release|Any CPU
		{78366FDF-242C-41B5-9B39-1D541BC92DB5}.Debug|Any CPU.ActiveCfg = Debug|Any CPU
		{78366FDF-242C-41B5-9B39-1D541BC92DB5}.Debug|Any CPU.Build.0 = Debug|Any CPU
		{78366FDF-242C-41B5-9B39-1D541BC92DB5}.Release|Any CPU.ActiveCfg = Release|Any CPU
		{78366FDF-242C-41B5-9B39-1D541BC92DB5}.Release|Any CPU.Build.0 = Release|Any CPU
		{EB2B297E-8517-4BEB-B18D-2D3C2B381970}.Debug|Any CPU.ActiveCfg = Debug|Any CPU
		{EB2B297E-8517-4BEB-B18D-2D3C2B381970}.Debug|Any CPU.Build.0 = Debug|Any CPU
		{EB2B297E-8517-4BEB-B18D-2D3C2B381970}.Release|Any CPU.ActiveCfg = Release|Any CPU
		{EB2B297E-8517-4BEB-B18D-2D3C2B381970}.Release|Any CPU.Build.0 = Release|Any CPU
	EndGlobalSection
	GlobalSection(SolutionProperties) = preSolution
		HideSolutionNode = FALSE
	EndGlobalSection
	GlobalSection(NestedProjects) = preSolution
		{6FD6565E-1D9C-4240-80A7-0F7634BD82AF} = {4705C25F-AD2E-44C9-AE7C-896EC9686D95}
		{74907652-B425-4DBC-97AC-4CC11BB1E807} = {6FD6565E-1D9C-4240-80A7-0F7634BD82AF}
		{0C4AC367-C217-451D-BEB6-48132E4749CF} = {4705C25F-AD2E-44C9-AE7C-896EC9686D95}
		{B39D31C9-1F3D-4A26-BBF4-6D0A2D97253E} = {0C4AC367-C217-451D-BEB6-48132E4749CF}
		{A7B107FB-35F0-4A54-88FF-81C344AF32E8} = {4705C25F-AD2E-44C9-AE7C-896EC9686D95}
		{4741A7AF-D084-424C-9FBF-336472EA97FD} = {A7B107FB-35F0-4A54-88FF-81C344AF32E8}
		{3E966833-7878-4608-8536-49188156B020} = {4741A7AF-D084-424C-9FBF-336472EA97FD}
		{B5F20E63-B03E-425E-A409-880FAE430BA6} = {A7B107FB-35F0-4A54-88FF-81C344AF32E8}
		{FF0AAE9E-2134-4F53-8DD4-9771FBCC2C72} = {B5F20E63-B03E-425E-A409-880FAE430BA6}
		{4798CF87-6480-41C2-9986-B5C138BE95BA} = {A7B107FB-35F0-4A54-88FF-81C344AF32E8}
		{3E24EAB4-3CAC-4E21-B88A-41EA36947019} = {4798CF87-6480-41C2-9986-B5C138BE95BA}
		{14A5BC52-E75E-4147-9452-B027C587EF44} = {A7B107FB-35F0-4A54-88FF-81C344AF32E8}
		{B2EED699-D906-44B2-B15F-A6F9EC9163DC} = {14A5BC52-E75E-4147-9452-B027C587EF44}
		{3B349888-04C5-4F8D-8BB6-AB4D7E44F772} = {A7B107FB-35F0-4A54-88FF-81C344AF32E8}
		{01DCD647-F806-40F1-8703-DAC8834FADE1} = {3B349888-04C5-4F8D-8BB6-AB4D7E44F772}
		{BC9EE014-6968-452B-B8C7-3B220BCA0163} = {A7B107FB-35F0-4A54-88FF-81C344AF32E8}
		{FE4740DB-F220-493B-BBDD-1A7E1050AFCB} = {BC9EE014-6968-452B-B8C7-3B220BCA0163}
		{908A1B88-B186-4F46-8729-FC65C60BE1C7} = {F2778641-06A4-4F4E-AF08-E0758F8F190C}
		{D9492D96-DCB9-4BCD-A8BF-32D5F3682F14} = {908A1B88-B186-4F46-8729-FC65C60BE1C7}
		{EEAE2691-03E7-4BB9-9411-78E60BE8FC0E} = {D9492D96-DCB9-4BCD-A8BF-32D5F3682F14}
		{55C8A6AA-C62E-4B6B-B8F4-327E43163373} = {F2778641-06A4-4F4E-AF08-E0758F8F190C}
		{88F6D5F9-2DF1-4012-ABDE-DCCEAA2D62C3} = {F2778641-06A4-4F4E-AF08-E0758F8F190C}
		{4A00443C-D769-4A0D-82D6-25DCE1ABD8CE} = {88F6D5F9-2DF1-4012-ABDE-DCCEAA2D62C3}
		{24ED5E7F-4059-420A-B994-F43A54A63D1E} = {908A1B88-B186-4F46-8729-FC65C60BE1C7}
		{AA7D39A5-B8A3-43D5-9D2F-DCB1538E1F91} = {24ED5E7F-4059-420A-B994-F43A54A63D1E}
		{10A173FB-C0CE-421E-85C3-470D22FA1AB2} = {908A1B88-B186-4F46-8729-FC65C60BE1C7}
		{75AFBD86-5FBE-4D80-BB1F-A9B2272411A8} = {10A173FB-C0CE-421E-85C3-470D22FA1AB2}
		{F5453182-515E-45CB-BB3E-CEE45F02A24D} = {908A1B88-B186-4F46-8729-FC65C60BE1C7}
		{377CF9AD-40E9-4252-B8ED-77A508441647} = {F5453182-515E-45CB-BB3E-CEE45F02A24D}
		{7F600A31-872A-493F-8973-31EFA0BF7CE6} = {908A1B88-B186-4F46-8729-FC65C60BE1C7}
		{78366FDF-242C-41B5-9B39-1D541BC92DB5} = {7F600A31-872A-493F-8973-31EFA0BF7CE6}
		{79C7C3A2-0479-42F0-8290-A3CEC6A2A508} = {908A1B88-B186-4F46-8729-FC65C60BE1C7}
		{EB2B297E-8517-4BEB-B18D-2D3C2B381970} = {79C7C3A2-0479-42F0-8290-A3CEC6A2A508}
	EndGlobalSection
	GlobalSection(ExtensibilityGlobals) = postSolution
		SolutionGuid = {81EEB6DF-A033-48FC-8ACA-6FD310417475}
	EndGlobalSection
EndGlobal
