
Microsoft Visual Studio Solution File, Format Version 12.00
# Visual Studio Version 16
VisualStudioVersion = 16.0.31105.61
MinimumVisualStudioVersion = 10.0.40219.1
Project("{2150E333-8FDC-42A3-9474-1A3956D46DE8}") = "Tests", "Tests", "{F2778641-06A4-4F4E-AF08-E0758F8F190C}"
EndProject
Project("{2150E333-8FDC-42A3-9474-1A3956D46DE8}") = "Application", "Application", "{4705C25F-AD2E-44C9-AE7C-896EC9686D95}"
EndProject
Project("{2150E333-8FDC-42A3-9474-1A3956D46DE8}") = "PlanB.AppCore", "PlanB.AppCore", "{6FD6565E-1D9C-4240-80A7-0F7634BD82AF}"
EndProject
Project("{9A19103F-16F7-4668-BE54-9A1E7A4F7556}") = "PlanB.AppCore", "Application\PlanB.AppCore\PlanB.AppCore\PlanB.AppCore.csproj", "{74907652-B425-4DBC-97AC-4CC11BB1E807}"
EndProject
Project("{2150E333-8FDC-42A3-9474-1A3956D46DE8}") = "Infrastructure", "Infrastructure", "{5EE83CB3-EA90-42DC-A6BB-790FE51620B4}"
EndProject
Project("{2150E333-8FDC-42A3-9474-1A3956D46DE8}") = "Modules", "Modules", "{C2CBFE0D-1902-4527-A428-8F57F6EAD286}"
EndProject
Project("{9A19103F-16F7-4668-BE54-9A1E7A4F7556}") = "PlanB.Module.Core", "Application\Modules\PlanB.Module.Core\PlanB.Module.Core.csproj", "{9C4EE32D-F7CB-420A-98C5-122E6089A26C}"
EndProject
Project("{9A19103F-16F7-4668-BE54-9A1E7A4F7556}") = "PlanB.Module.Subscription", "Application\Modules\PlanB.Module.Subscription\PlanB.Module.Subscription.csproj", "{F3C394C8-345A-4F5F-B116-FA01BA69DF65}"
EndProject
Project("{9A19103F-16F7-4668-BE54-9A1E7A4F7556}") = "PlanB.Infrastructure", "Application\Infrastructure\PlanB.Infrastructure\PlanB.Infrastructure.csproj", "{4C907093-CABA-4B11-89EB-70FDB43F8CFB}"
EndProject
Project("{9A19103F-16F7-4668-BE54-9A1E7A4F7556}") = "PlanB.Module.Student", "Application\Modules\PlanB.Module.Student\PlanB.Module.Student.csproj", "{61D2608B-41D7-44E3-BA4A-168423033AFF}"
EndProject
Project("{9A19103F-16F7-4668-BE54-9A1E7A4F7556}") = "PlanB.Module.ActivityLog", "Application\Modules\PlanB.Module.ActivityLog\PlanB.Module.ActivityLog.csproj", "{73DF3FF4-A142-45AD-9E30-58AB61419C5F}"
EndProject
Project("{9A19103F-16F7-4668-BE54-9A1E7A4F7556}") = "PlanB.Infrastructure.Tests", "Tests\PlanB.Infrastructure.Tests\PlanB.Infrastructure.Tests.csproj", "{1315F754-4295-4FEB-965D-BA615B48EA40}"
EndProject
Project("{9A19103F-16F7-4668-BE54-9A1E7A4F7556}") = "PlanB.Module.Core.Tests", "Tests\PlanB.Module.Core.Tests\PlanB.Module.Core.Tests.csproj", "{0795EDC8-FFAC-47F0-816E-0114735F716F}"
EndProject
Project("{9A19103F-16F7-4668-BE54-9A1E7A4F7556}") = "PlanB.Module.Cms", "Application\Modules\PlanB.Module.Cms\PlanB.Module.Cms.csproj", "{B75CDD5E-BA87-4392-B108-ABA47D1F0B4B}"
EndProject
Project("{9A19103F-16F7-4668-BE54-9A1E7A4F7556}") = "PlanB.Module.EmailSenderSendgrid", "Application\Modules\PlanB.Module.EmailSenderSendgrid\PlanB.Module.EmailSenderSendgrid.csproj", "{C5013E62-72DE-49A6-BB2C-875676B72B41}"
EndProject
Project("{9A19103F-16F7-4668-BE54-9A1E7A4F7556}") = "PlanB.Module.EmailSenderSmtp", "Application\Modules\PlanB.Module.EmailSenderSmtp\PlanB.Module.EmailSenderSmtp.csproj", "{72B81C03-483B-4002-84A9-FA9CD099D168}"
EndProject
Project("{9A19103F-16F7-4668-BE54-9A1E7A4F7556}") = "PlanB.Module.Payments", "Application\Modules\PlanB.Module.Payments\PlanB.Module.Payments.csproj", "{61D83393-59EE-42D8-B663-2FAD5BE4D1C1}"
EndProject
Project("{9A19103F-16F7-4668-BE54-9A1E7A4F7556}") = "PlanB.Module.PaymentCashFree", "Application\Modules\PlanB.Module.PaymentCashFree\PlanB.Module.PaymentCashFree.csproj", "{2DF18F49-B75D-4DEB-B378-824C1EC75C19}"
EndProject
Project("{9A19103F-16F7-4668-BE54-9A1E7A4F7556}") = "PlanB.Module.PaymentBraintree", "Application\Modules\PlanB.Module.PaymentBraintree\PlanB.Module.PaymentBraintree.csproj", "{C173F923-6280-4A6D-A618-019D48102A06}"
EndProject
Project("{9A19103F-16F7-4668-BE54-9A1E7A4F7556}") = "PlanB.Module.PaymentPaypalExpress", "Application\Modules\PlanB.Module.PaymentPaypalExpress\PlanB.Module.PaymentPaypalExpress.csproj", "{0AE9E3C0-FCF0-4E37-997D-D4A2824528A6}"
EndProject
Project("{9A19103F-16F7-4668-BE54-9A1E7A4F7556}") = "PlanB.Module.PaymentStripe", "Application\Modules\PlanB.Module.PaymentStripe\PlanB.Module.PaymentStripe.csproj", "{2551D6A5-E064-4F8A-B1D2-A1CAB8A9D003}"
EndProject
Project("{FAE04EC0-301F-11D3-BF4B-00C04F79EFBC}") = "PlanB.Module.Cms.Tests", "Tests\PlanB.Module.Cms.Tests\PlanB.Module.Cms.Tests.csproj", "{1882808A-28BC-4A98-A7CD-ABC8DB7093C8}"
EndProject
Global
	GlobalSection(SolutionConfigurationPlatforms) = preSolution
		Debug|Any CPU = Debug|Any CPU
		Release|Any CPU = Release|Any CPU
	EndGlobalSection
	GlobalSection(ProjectConfigurationPlatforms) = postSolution
		{74907652-B425-4DBC-97AC-4CC11BB1E807}.Debug|Any CPU.ActiveCfg = Debug|Any CPU
		{74907652-B425-4DBC-97AC-4CC11BB1E807}.Debug|Any CPU.Build.0 = Debug|Any CPU
		{74907652-B425-4DBC-97AC-4CC11BB1E807}.Release|Any CPU.ActiveCfg = Release|Any CPU
		{74907652-B425-4DBC-97AC-4CC11BB1E807}.Release|Any CPU.Build.0 = Release|Any CPU
		{9C4EE32D-F7CB-420A-98C5-122E6089A26C}.Debug|Any CPU.ActiveCfg = Debug|Any CPU
		{9C4EE32D-F7CB-420A-98C5-122E6089A26C}.Debug|Any CPU.Build.0 = Debug|Any CPU
		{9C4EE32D-F7CB-420A-98C5-122E6089A26C}.Release|Any CPU.ActiveCfg = Release|Any CPU
		{9C4EE32D-F7CB-420A-98C5-122E6089A26C}.Release|Any CPU.Build.0 = Release|Any CPU
		{F3C394C8-345A-4F5F-B116-FA01BA69DF65}.Debug|Any CPU.ActiveCfg = Debug|Any CPU
		{F3C394C8-345A-4F5F-B116-FA01BA69DF65}.Debug|Any CPU.Build.0 = Debug|Any CPU
		{F3C394C8-345A-4F5F-B116-FA01BA69DF65}.Release|Any CPU.ActiveCfg = Release|Any CPU
		{F3C394C8-345A-4F5F-B116-FA01BA69DF65}.Release|Any CPU.Build.0 = Release|Any CPU
		{4C907093-CABA-4B11-89EB-70FDB43F8CFB}.Debug|Any CPU.ActiveCfg = Debug|Any CPU
		{4C907093-CABA-4B11-89EB-70FDB43F8CFB}.Debug|Any CPU.Build.0 = Debug|Any CPU
		{4C907093-CABA-4B11-89EB-70FDB43F8CFB}.Release|Any CPU.ActiveCfg = Release|Any CPU
		{4C907093-CABA-4B11-89EB-70FDB43F8CFB}.Release|Any CPU.Build.0 = Release|Any CPU
		{61D2608B-41D7-44E3-BA4A-168423033AFF}.Debug|Any CPU.ActiveCfg = Debug|Any CPU
		{61D2608B-41D7-44E3-BA4A-168423033AFF}.Debug|Any CPU.Build.0 = Debug|Any CPU
		{61D2608B-41D7-44E3-BA4A-168423033AFF}.Release|Any CPU.ActiveCfg = Release|Any CPU
		{61D2608B-41D7-44E3-BA4A-168423033AFF}.Release|Any CPU.Build.0 = Release|Any CPU
		{73DF3FF4-A142-45AD-9E30-58AB61419C5F}.Debug|Any CPU.ActiveCfg = Debug|Any CPU
		{73DF3FF4-A142-45AD-9E30-58AB61419C5F}.Debug|Any CPU.Build.0 = Debug|Any CPU
		{73DF3FF4-A142-45AD-9E30-58AB61419C5F}.Release|Any CPU.ActiveCfg = Release|Any CPU
		{73DF3FF4-A142-45AD-9E30-58AB61419C5F}.Release|Any CPU.Build.0 = Release|Any CPU
		{1315F754-4295-4FEB-965D-BA615B48EA40}.Debug|Any CPU.ActiveCfg = Debug|Any CPU
		{1315F754-4295-4FEB-965D-BA615B48EA40}.Debug|Any CPU.Build.0 = Debug|Any CPU
		{1315F754-4295-4FEB-965D-BA615B48EA40}.Release|Any CPU.ActiveCfg = Release|Any CPU
		{1315F754-4295-4FEB-965D-BA615B48EA40}.Release|Any CPU.Build.0 = Release|Any CPU
		{0795EDC8-FFAC-47F0-816E-0114735F716F}.Debug|Any CPU.ActiveCfg = Debug|Any CPU
		{0795EDC8-FFAC-47F0-816E-0114735F716F}.Debug|Any CPU.Build.0 = Debug|Any CPU
		{0795EDC8-FFAC-47F0-816E-0114735F716F}.Release|Any CPU.ActiveCfg = Release|Any CPU
		{0795EDC8-FFAC-47F0-816E-0114735F716F}.Release|Any CPU.Build.0 = Release|Any CPU
		{B75CDD5E-BA87-4392-B108-ABA47D1F0B4B}.Debug|Any CPU.ActiveCfg = Debug|Any CPU
		{B75CDD5E-BA87-4392-B108-ABA47D1F0B4B}.Debug|Any CPU.Build.0 = Debug|Any CPU
		{B75CDD5E-BA87-4392-B108-ABA47D1F0B4B}.Release|Any CPU.ActiveCfg = Release|Any CPU
		{B75CDD5E-BA87-4392-B108-ABA47D1F0B4B}.Release|Any CPU.Build.0 = Release|Any CPU
		{C5013E62-72DE-49A6-BB2C-875676B72B41}.Debug|Any CPU.ActiveCfg = Debug|Any CPU
		{C5013E62-72DE-49A6-BB2C-875676B72B41}.Debug|Any CPU.Build.0 = Debug|Any CPU
		{C5013E62-72DE-49A6-BB2C-875676B72B41}.Release|Any CPU.ActiveCfg = Release|Any CPU
		{C5013E62-72DE-49A6-BB2C-875676B72B41}.Release|Any CPU.Build.0 = Release|Any CPU
		{72B81C03-483B-4002-84A9-FA9CD099D168}.Debug|Any CPU.ActiveCfg = Debug|Any CPU
		{72B81C03-483B-4002-84A9-FA9CD099D168}.Debug|Any CPU.Build.0 = Debug|Any CPU
		{72B81C03-483B-4002-84A9-FA9CD099D168}.Release|Any CPU.ActiveCfg = Release|Any CPU
		{72B81C03-483B-4002-84A9-FA9CD099D168}.Release|Any CPU.Build.0 = Release|Any CPU
		{61D83393-59EE-42D8-B663-2FAD5BE4D1C1}.Debug|Any CPU.ActiveCfg = Debug|Any CPU
		{61D83393-59EE-42D8-B663-2FAD5BE4D1C1}.Debug|Any CPU.Build.0 = Debug|Any CPU
		{61D83393-59EE-42D8-B663-2FAD5BE4D1C1}.Release|Any CPU.ActiveCfg = Release|Any CPU
		{61D83393-59EE-42D8-B663-2FAD5BE4D1C1}.Release|Any CPU.Build.0 = Release|Any CPU
		{2DF18F49-B75D-4DEB-B378-824C1EC75C19}.Debug|Any CPU.ActiveCfg = Debug|Any CPU
		{2DF18F49-B75D-4DEB-B378-824C1EC75C19}.Debug|Any CPU.Build.0 = Debug|Any CPU
		{2DF18F49-B75D-4DEB-B378-824C1EC75C19}.Release|Any CPU.ActiveCfg = Release|Any CPU
		{2DF18F49-B75D-4DEB-B378-824C1EC75C19}.Release|Any CPU.Build.0 = Release|Any CPU
		{C173F923-6280-4A6D-A618-019D48102A06}.Debug|Any CPU.ActiveCfg = Debug|Any CPU
		{C173F923-6280-4A6D-A618-019D48102A06}.Debug|Any CPU.Build.0 = Debug|Any CPU
		{C173F923-6280-4A6D-A618-019D48102A06}.Release|Any CPU.ActiveCfg = Release|Any CPU
		{C173F923-6280-4A6D-A618-019D48102A06}.Release|Any CPU.Build.0 = Release|Any CPU
		{0AE9E3C0-FCF0-4E37-997D-D4A2824528A6}.Debug|Any CPU.ActiveCfg = Debug|Any CPU
		{0AE9E3C0-FCF0-4E37-997D-D4A2824528A6}.Debug|Any CPU.Build.0 = Debug|Any CPU
		{0AE9E3C0-FCF0-4E37-997D-D4A2824528A6}.Release|Any CPU.ActiveCfg = Release|Any CPU
		{0AE9E3C0-FCF0-4E37-997D-D4A2824528A6}.Release|Any CPU.Build.0 = Release|Any CPU
		{2551D6A5-E064-4F8A-B1D2-A1CAB8A9D003}.Debug|Any CPU.ActiveCfg = Debug|Any CPU
		{2551D6A5-E064-4F8A-B1D2-A1CAB8A9D003}.Debug|Any CPU.Build.0 = Debug|Any CPU
		{2551D6A5-E064-4F8A-B1D2-A1CAB8A9D003}.Release|Any CPU.ActiveCfg = Release|Any CPU
		{2551D6A5-E064-4F8A-B1D2-A1CAB8A9D003}.Release|Any CPU.Build.0 = Release|Any CPU
		{1882808A-28BC-4A98-A7CD-ABC8DB7093C8}.Debug|Any CPU.ActiveCfg = Debug|Any CPU
		{1882808A-28BC-4A98-A7CD-ABC8DB7093C8}.Debug|Any CPU.Build.0 = Debug|Any CPU
		{1882808A-28BC-4A98-A7CD-ABC8DB7093C8}.Release|Any CPU.ActiveCfg = Release|Any CPU
		{1882808A-28BC-4A98-A7CD-ABC8DB7093C8}.Release|Any CPU.Build.0 = Release|Any CPU
	EndGlobalSection
	GlobalSection(SolutionProperties) = preSolution
		HideSolutionNode = FALSE
	EndGlobalSection
	GlobalSection(NestedProjects) = preSolution
		{6FD6565E-1D9C-4240-80A7-0F7634BD82AF} = {4705C25F-AD2E-44C9-AE7C-896EC9686D95}
		{74907652-B425-4DBC-97AC-4CC11BB1E807} = {6FD6565E-1D9C-4240-80A7-0F7634BD82AF}
		{5EE83CB3-EA90-42DC-A6BB-790FE51620B4} = {4705C25F-AD2E-44C9-AE7C-896EC9686D95}
		{C2CBFE0D-1902-4527-A428-8F57F6EAD286} = {4705C25F-AD2E-44C9-AE7C-896EC9686D95}
		{9C4EE32D-F7CB-420A-98C5-122E6089A26C} = {C2CBFE0D-1902-4527-A428-8F57F6EAD286}
		{F3C394C8-345A-4F5F-B116-FA01BA69DF65} = {C2CBFE0D-1902-4527-A428-8F57F6EAD286}
		{4C907093-CABA-4B11-89EB-70FDB43F8CFB} = {5EE83CB3-EA90-42DC-A6BB-790FE51620B4}
		{61D2608B-41D7-44E3-BA4A-168423033AFF} = {C2CBFE0D-1902-4527-A428-8F57F6EAD286}
		{73DF3FF4-A142-45AD-9E30-58AB61419C5F} = {C2CBFE0D-1902-4527-A428-8F57F6EAD286}
		{1315F754-4295-4FEB-965D-BA615B48EA40} = {F2778641-06A4-4F4E-AF08-E0758F8F190C}
		{0795EDC8-FFAC-47F0-816E-0114735F716F} = {F2778641-06A4-4F4E-AF08-E0758F8F190C}
		{B75CDD5E-BA87-4392-B108-ABA47D1F0B4B} = {C2CBFE0D-1902-4527-A428-8F57F6EAD286}
		{C5013E62-72DE-49A6-BB2C-875676B72B41} = {C2CBFE0D-1902-4527-A428-8F57F6EAD286}
		{72B81C03-483B-4002-84A9-FA9CD099D168} = {C2CBFE0D-1902-4527-A428-8F57F6EAD286}
		{61D83393-59EE-42D8-B663-2FAD5BE4D1C1} = {C2CBFE0D-1902-4527-A428-8F57F6EAD286}
		{2DF18F49-B75D-4DEB-B378-824C1EC75C19} = {C2CBFE0D-1902-4527-A428-8F57F6EAD286}
		{C173F923-6280-4A6D-A618-019D48102A06} = {C2CBFE0D-1902-4527-A428-8F57F6EAD286}
		{0AE9E3C0-FCF0-4E37-997D-D4A2824528A6} = {C2CBFE0D-1902-4527-A428-8F57F6EAD286}
		{2551D6A5-E064-4F8A-B1D2-A1CAB8A9D003} = {C2CBFE0D-1902-4527-A428-8F57F6EAD286}
		{1882808A-28BC-4A98-A7CD-ABC8DB7093C8} = {F2778641-06A4-4F4E-AF08-E0758F8F190C}
	EndGlobalSection
	GlobalSection(ExtensibilityGlobals) = postSolution
		SolutionGuid = {81EEB6DF-A033-48FC-8ACA-6FD310417475}
	EndGlobalSection
EndGlobal
