
Microsoft Visual Studio Solution File, Format Version 12.00
# Visual Studio Version 16
VisualStudioVersion = 16.0.31105.61
MinimumVisualStudioVersion = 10.0.40219.1
Project("{9A19103F-16F7-4668-BE54-9A1E7A4F7556}") = "PlanB.AppCore", "PlanB.AppCore\PlanB.AppCore.csproj", "{4DD01D7C-AA76-4EC8-96EB-BC2DD949CB0E}"
EndProject
Project("{2150E333-8FDC-42A3-9474-1A3956D46DE8}") = "Tests", "Tests", "{F2778641-06A4-4F4E-AF08-E0758F8F190C}"
EndProject
Project("{9A19103F-16F7-4668-BE54-9A1E7A4F7556}") = "PlanB.App.XUnit.Tests", "..\..\Tests\PlanB.App.XUnit.Tests\PlanB.App.XUnit.Tests.csproj", "{11D9C841-C21D-4079-9F4E-6FBF179837DD}"
EndProject
Project("{2150E333-8FDC-42A3-9474-1A3956D46DE8}") = "8-Microservices", "8-Microservices", "{C5A6C1AE-04BE-4389-8ED3-6AD1F333D92A}"
EndProject
Project("{9A19103F-16F7-4668-BE54-9A1E7A4F7556}") = "PlanB.Infrastructure", "..\Infrastructure\PlanB.Infrastructure\PlanB.Infrastructure.csproj", "{857531BD-0AE2-443B-AABE-E79E109E3DFF}"
EndProject
Project("{9A19103F-16F7-4668-BE54-9A1E7A4F7556}") = "PlanB.MicroService.Cms", "..\MicroServices\Cms\PlanB.MicroService.Cms\PlanB.MicroService.Cms.csproj", "{C49FF241-4216-41CD-BC5D-D9CE08887FA3}"
EndProject
Project("{9A19103F-16F7-4668-BE54-9A1E7A4F7556}") = "PlanB.MicroService.Core", "..\MicroServices\Core\PlanB.MicroService.Core\PlanB.MicroService.Core.csproj", "{267A51B6-A9F4-4B21-B64D-BEF115230A9A}"
EndProject
Project("{9A19103F-16F7-4668-BE54-9A1E7A4F7556}") = "PlanB.MicroService.Payments", "..\MicroServices\Payments\PlanB.MicroService.Payments\PlanB.MicroService.Payments.csproj", "{2A68804F-002C-419B-9BAD-CCBD822AF7ED}"
EndProject
Project("{9A19103F-16F7-4668-BE54-9A1E7A4F7556}") = "PlanB.MicroService.Scheduling", "..\MicroServices\Scheduling\PlanB.MicroService.Scheduling\PlanB.MicroService.Scheduling.csproj", "{FBFF2C06-1ECD-44B0-B6EE-1E9E7FBE2BDC}"
EndProject
Project("{9A19103F-16F7-4668-BE54-9A1E7A4F7556}") = "PlanB.MicroService.Student", "..\MicroServices\Student\PlanB.MicroService.Student\PlanB.MicroService.Student.csproj", "{357DC802-B833-4361-8B2B-688B06D31CFB}"
EndProject
Project("{9A19103F-16F7-4668-BE54-9A1E7A4F7556}") = "PlanB.MicroService.Subscription", "..\MicroServices\Subscription\PlanB.MicroService.Subscription\PlanB.MicroService.Subscription.csproj", "{24249C6B-D17E-4C8E-947E-F8E3606AA116}"
EndProject
Global
	GlobalSection(SolutionConfigurationPlatforms) = preSolution
		Debug|Any CPU = Debug|Any CPU
		Release|Any CPU = Release|Any CPU
	EndGlobalSection
	GlobalSection(ProjectConfigurationPlatforms) = postSolution
		{4DD01D7C-AA76-4EC8-96EB-BC2DD949CB0E}.Debug|Any CPU.ActiveCfg = Debug|Any CPU
		{4DD01D7C-AA76-4EC8-96EB-BC2DD949CB0E}.Debug|Any CPU.Build.0 = Debug|Any CPU
		{4DD01D7C-AA76-4EC8-96EB-BC2DD949CB0E}.Release|Any CPU.ActiveCfg = Release|Any CPU
		{4DD01D7C-AA76-4EC8-96EB-BC2DD949CB0E}.Release|Any CPU.Build.0 = Release|Any CPU
		{11D9C841-C21D-4079-9F4E-6FBF179837DD}.Debug|Any CPU.ActiveCfg = Debug|Any CPU
		{11D9C841-C21D-4079-9F4E-6FBF179837DD}.Debug|Any CPU.Build.0 = Debug|Any CPU
		{11D9C841-C21D-4079-9F4E-6FBF179837DD}.Release|Any CPU.ActiveCfg = Release|Any CPU
		{11D9C841-C21D-4079-9F4E-6FBF179837DD}.Release|Any CPU.Build.0 = Release|Any CPU
		{857531BD-0AE2-443B-AABE-E79E109E3DFF}.Debug|Any CPU.ActiveCfg = Debug|Any CPU
		{857531BD-0AE2-443B-AABE-E79E109E3DFF}.Debug|Any CPU.Build.0 = Debug|Any CPU
		{857531BD-0AE2-443B-AABE-E79E109E3DFF}.Release|Any CPU.ActiveCfg = Release|Any CPU
		{857531BD-0AE2-443B-AABE-E79E109E3DFF}.Release|Any CPU.Build.0 = Release|Any CPU
		{C49FF241-4216-41CD-BC5D-D9CE08887FA3}.Debug|Any CPU.ActiveCfg = Debug|Any CPU
		{C49FF241-4216-41CD-BC5D-D9CE08887FA3}.Debug|Any CPU.Build.0 = Debug|Any CPU
		{C49FF241-4216-41CD-BC5D-D9CE08887FA3}.Release|Any CPU.ActiveCfg = Release|Any CPU
		{C49FF241-4216-41CD-BC5D-D9CE08887FA3}.Release|Any CPU.Build.0 = Release|Any CPU
		{267A51B6-A9F4-4B21-B64D-BEF115230A9A}.Debug|Any CPU.ActiveCfg = Debug|Any CPU
		{267A51B6-A9F4-4B21-B64D-BEF115230A9A}.Debug|Any CPU.Build.0 = Debug|Any CPU
		{267A51B6-A9F4-4B21-B64D-BEF115230A9A}.Release|Any CPU.ActiveCfg = Release|Any CPU
		{267A51B6-A9F4-4B21-B64D-BEF115230A9A}.Release|Any CPU.Build.0 = Release|Any CPU
		{2A68804F-002C-419B-9BAD-CCBD822AF7ED}.Debug|Any CPU.ActiveCfg = Debug|Any CPU
		{2A68804F-002C-419B-9BAD-CCBD822AF7ED}.Debug|Any CPU.Build.0 = Debug|Any CPU
		{2A68804F-002C-419B-9BAD-CCBD822AF7ED}.Release|Any CPU.ActiveCfg = Release|Any CPU
		{2A68804F-002C-419B-9BAD-CCBD822AF7ED}.Release|Any CPU.Build.0 = Release|Any CPU
		{FBFF2C06-1ECD-44B0-B6EE-1E9E7FBE2BDC}.Debug|Any CPU.ActiveCfg = Debug|Any CPU
		{FBFF2C06-1ECD-44B0-B6EE-1E9E7FBE2BDC}.Debug|Any CPU.Build.0 = Debug|Any CPU
		{FBFF2C06-1ECD-44B0-B6EE-1E9E7FBE2BDC}.Release|Any CPU.ActiveCfg = Release|Any CPU
		{FBFF2C06-1ECD-44B0-B6EE-1E9E7FBE2BDC}.Release|Any CPU.Build.0 = Release|Any CPU
		{357DC802-B833-4361-8B2B-688B06D31CFB}.Debug|Any CPU.ActiveCfg = Debug|Any CPU
		{357DC802-B833-4361-8B2B-688B06D31CFB}.Debug|Any CPU.Build.0 = Debug|Any CPU
		{357DC802-B833-4361-8B2B-688B06D31CFB}.Release|Any CPU.ActiveCfg = Release|Any CPU
		{357DC802-B833-4361-8B2B-688B06D31CFB}.Release|Any CPU.Build.0 = Release|Any CPU
		{24249C6B-D17E-4C8E-947E-F8E3606AA116}.Debug|Any CPU.ActiveCfg = Debug|Any CPU
		{24249C6B-D17E-4C8E-947E-F8E3606AA116}.Debug|Any CPU.Build.0 = Debug|Any CPU
		{24249C6B-D17E-4C8E-947E-F8E3606AA116}.Release|Any CPU.ActiveCfg = Release|Any CPU
		{24249C6B-D17E-4C8E-947E-F8E3606AA116}.Release|Any CPU.Build.0 = Release|Any CPU
	EndGlobalSection
	GlobalSection(SolutionProperties) = preSolution
		HideSolutionNode = FALSE
	EndGlobalSection
	GlobalSection(NestedProjects) = preSolution
		{11D9C841-C21D-4079-9F4E-6FBF179837DD} = {F2778641-06A4-4F4E-AF08-E0758F8F190C}
		{C49FF241-4216-41CD-BC5D-D9CE08887FA3} = {C5A6C1AE-04BE-4389-8ED3-6AD1F333D92A}
		{267A51B6-A9F4-4B21-B64D-BEF115230A9A} = {C5A6C1AE-04BE-4389-8ED3-6AD1F333D92A}
		{2A68804F-002C-419B-9BAD-CCBD822AF7ED} = {C5A6C1AE-04BE-4389-8ED3-6AD1F333D92A}
		{FBFF2C06-1ECD-44B0-B6EE-1E9E7FBE2BDC} = {C5A6C1AE-04BE-4389-8ED3-6AD1F333D92A}
		{357DC802-B833-4361-8B2B-688B06D31CFB} = {C5A6C1AE-04BE-4389-8ED3-6AD1F333D92A}
		{24249C6B-D17E-4C8E-947E-F8E3606AA116} = {C5A6C1AE-04BE-4389-8ED3-6AD1F333D92A}
	EndGlobalSection
	GlobalSection(ExtensibilityGlobals) = postSolution
		SolutionGuid = {81EEB6DF-A033-48FC-8ACA-6FD310417475}
	EndGlobalSection
EndGlobal
